
Microsoft Visual Studio Solution File, Format Version 12.00
# Visual Studio Version 17
VisualStudioVersion = 17.2.32616.157
MinimumVisualStudioVersion = 10.0.40219.1
Project("{E24C65DC-7377-472B-9ABA-BC803B73C61A}") = "TMA3", ".", "{C9DCCA9F-D82B-40EB-AF45-182B7DD1C5A2}"
	ProjectSection(WebsiteProperties) = preProject
		TargetFrameworkMoniker = ".NETFramework,Version%3Dv4.8"
	# 	Debug.AspNetCompiler.VirtualPath = "/localhost_49542"
	# 	Debug.AspNetCompiler.PhysicalPath = "..\TMA3\"
	# 	Debug.AspNetCompiler.TargetPath = "PrecompiledWeb\localhost_49542\"
	# 	Debug.AspNetCompiler.Updateable = "true"
	# 	Debug.AspNetCompiler.ForceOverwrite = "true"
	# 	Debug.AspNetCompiler.FixedNames = "false"
	# 	Debug.AspNetCompiler.Debug = "True"
	# 	Release.AspNetCompiler.VirtualPath = "/localhost_49542"
	# 	Release.AspNetCompiler.PhysicalPath = "..\TMA3\"
	# 	Release.AspNetCompiler.TargetPath = "PrecompiledWeb\localhost_49542\"
	# 	Release.AspNetCompiler.Updateable = "true"
	# 	Release.AspNetCompiler.ForceOverwrite = "true"
	# 	Release.AspNetCompiler.FixedNames = "false"
	# 	Release.AspNetCompiler.Debug = "False"
	 	VWDPort = "49542"
		SlnRelativePath = "..\TMA3\"
		DefaultWebSiteLanguage = "Visual C#"
	EndProjectSection
EndProject
Global
	GlobalSection(SolutionConfigurationPlatforms) = preSolution
		Debug|Any CPU = Debug|Any CPU
		Release|Any CPU = Release|Any CPU
	EndGlobalSection
	GlobalSection(ProjectConfigurationPlatforms) = postSolution
		{C9DCCA9F-D82B-40EB-AF45-182B7DD1C5A2}.Debug|Any CPU.ActiveCfg = Debug|Any CPU
		{C9DCCA9F-D82B-40EB-AF45-182B7DD1C5A2}.Debug|Any CPU.Build.0 = Debug|Any CPU
		{C9DCCA9F-D82B-40EB-AF45-182B7DD1C5A2}.Release|Any CPU.ActiveCfg = Debug|Any CPU
		{C9DCCA9F-D82B-40EB-AF45-182B7DD1C5A2}.Release|Any CPU.Build.0 = Debug|Any CPU
	EndGlobalSection
	GlobalSection(SolutionProperties) = preSolution
		HideSolutionNode = FALSE
	EndGlobalSection
	GlobalSection(ExtensibilityGlobals) = postSolution
		SolutionGuid = {F26AFE76-1EF1-4BF6-81A4-08057F998CF0}
	EndGlobalSection
EndGlobal
